
Microsoft Visual Studio Solution File, Format Version 12.00
# Visual Studio Version 17
VisualStudioVersion = 17.3.32922.545
MinimumVisualStudioVersion = 10.0.40219.1
Project("{FAE04EC0-301F-11D3-BF4B-00C04F79EFBC}") = "Pokemon", "Pokemon\Pokemon.csproj", "{6DFD454B-E0A2-42AD-A571-0CE2A14322D5}"
EndProject
Global
	GlobalSection(SolutionConfigurationPlatforms) = preSolution
		Debug|Any CPU = Debug|Any CPU
		Release|Any CPU = Release|Any CPU
	EndGlobalSection
	GlobalSection(ProjectConfigurationPlatforms) = postSolution
		{6DFD454B-E0A2-42AD-A571-0CE2A14322D5}.Debug|Any CPU.ActiveCfg = Debug|Any CPU
		{6DFD454B-E0A2-42AD-A571-0CE2A14322D5}.Debug|Any CPU.Build.0 = Debug|Any CPU
		{6DFD454B-E0A2-42AD-A571-0CE2A14322D5}.Release|Any CPU.ActiveCfg = Release|Any CPU
		{6DFD454B-E0A2-42AD-A571-0CE2A14322D5}.Release|Any CPU.Build.0 = Release|Any CPU
	EndGlobalSection
	GlobalSection(SolutionProperties) = preSolution
		HideSolutionNode = FALSE
	EndGlobalSection
	GlobalSection(ExtensibilityGlobals) = postSolution
		SolutionGuid = {ABA32353-3304-492B-8858-9A47FFB81FA7}
	EndGlobalSection
EndGlobal
